# THIS IS AN AUTOGENERATED FILE. DO NOT EDIT THIS FILE DIRECTLY.
# yarn lockfile v1


"@arr/every@^1.0.0":
  version "1.0.0"
  resolved "https://proget.hesehus.dk/npm/npm/@arr/every/-/every-1.0.0.tgz#314f8168f50ae48a032cfdad5fdb436f464a97ac"

"@polka/url@^0.5.0":
  version "0.5.0"
  resolved "https://proget.hesehus.dk/npm/npm/@polka/url/-/url-0.5.0.tgz#b21510597fd601e5d7c95008b76bf0d254ebfd31"

matchit@^1.0.0:
  version "1.0.6"
  resolved "https://proget.hesehus.dk/npm/npm/matchit/-/matchit-1.0.6.tgz#825da06468bd324f0219ebe28e12a41bfb5524c4"
  dependencies:
    "@arr/every" "^1.0.0"

polka@^0.5.1:
  version "0.5.1"
  resolved "https://proget.hesehus.dk/npm/npm/polka/-/polka-0.5.1.tgz#989a45b89a2ab9e3618f54b5720f37946a923891"
  dependencies:
    "@polka/url" "^0.5.0"
    trouter "^2.0.1"

trouter@^2.0.1:
  version "2.0.1"
  resolved "https://proget.hesehus.dk/npm/npm/trouter/-/trouter-2.0.1.tgz#2726a5f8558e090d24c3a393f09eaab1df232df6"
  dependencies:
    matchit "^1.0.0"
